// !$*UTF8*$!
{
	archiveVersion = 1;
	classes = {
	};
	objectVersion = 77;
	objects = {

/* Begin PBXBuildFile section */
		5D2C4E1F2F7B9A43009CF871 /* SWCompression in Frameworks */ = {isa = PBXBuildFile; productRef = 5D2C4E1E2F7B9A43009CF871 /* SWCompression */; };
		5D7501352E97A35300DAE612 /* mft.xcframework in Frameworks */ = {isa = PBXBuildFile; fileRef = 5D2B9D032E5BA8C200F5233E /* mft.xcframework */; };
		5D7501362E97A35300DAE612 /* mft.xcframework in Embed Frameworks */ = {isa = PBXBuildFile; fileRef = 5D2B9D032E5BA8C200F5233E /* mft.xcframework */; settings = {ATTRIBUTES = (CodeSignOnCopy, RemoveHeadersOnCopy, ); }; };
		5D93A1302FBF55D300086CE8 /* GPGXDeltaCore.framework in Frameworks */ = {isa = PBXBuildFile; fileRef = 5D93A12D2FBF55AE00086CE8 /* GPGXDeltaCore.framework */; };
		5D93A1312FBF55D300086CE8 /* GPGXDeltaCore.framework in Embed Frameworks */ = {isa = PBXBuildFile; fileRef = 5D93A12D2FBF55AE00086CE8 /* GPGXDeltaCore.framework */; settings = {ATTRIBUTES = (CodeSignOnCopy, RemoveHeadersOnCopy, ); }; };
		5D93A16B2FBF681C00086CE8 /* NESDeltaCore.framework in Frameworks */ = {isa = PBXBuildFile; fileRef = 5D93A13E2FBF67DB00086CE8 /* NESDeltaCore.framework */; };
		5D93A16C2FBF681C00086CE8 /* NESDeltaCore.framework in Embed Frameworks */ = {isa = PBXBuildFile; fileRef = 5D93A13E2FBF67DB00086CE8 /* NESDeltaCore.framework */; settings = {ATTRIBUTES = (CodeSignOnCopy, RemoveHeadersOnCopy, ); }; };
		5D93A16D2FBF682000086CE8 /* GBCDeltaCore.framework in Frameworks */ = {isa = PBXBuildFile; fileRef = 5D93A1682FBF67EF00086CE8 /* GBCDeltaCore.framework */; };
		5D93A16E2FBF682000086CE8 /* GBCDeltaCore.framework in Embed Frameworks */ = {isa = PBXBuildFile; fileRef = 5D93A1682FBF67EF00086CE8 /* GBCDeltaCore.framework */; settings = {ATTRIBUTES = (CodeSignOnCopy, RemoveHeadersOnCopy, ); }; };
		5D93A16F2FBF682500086CE8 /* N64DeltaCore.framework in Frameworks */ = {isa = PBXBuildFile; fileRef = 5D93A14C2FBF67E300086CE8 /* N64DeltaCore.framework */; };
		5D93A1702FBF682500086CE8 /* N64DeltaCore.framework in Embed Frameworks */ = {isa = PBXBuildFile; fileRef = 5D93A14C2FBF67E300086CE8 /* N64DeltaCore.framework */; settings = {ATTRIBUTES = (CodeSignOnCopy, RemoveHeadersOnCopy, ); }; };
		5D93A1712FBF682D00086CE8 /* MelonDSDeltaCore.framework in Frameworks */ = {isa = PBXBuildFile; fileRef = 5D93A15C2FBF67E900086CE8 /* MelonDSDeltaCore.framework */; };
		5D93A1722FBF682D00086CE8 /* MelonDSDeltaCore.framework in Embed Frameworks */ = {isa = PBXBuildFile; fileRef = 5D93A15C2FBF67E900086CE8 /* MelonDSDeltaCore.framework */; settings = {ATTRIBUTES = (CodeSignOnCopy, RemoveHeadersOnCopy, ); }; };
		5D93A1732FBF68F400086CE8 /* N64DeltaCore_RSP.framework in Frameworks */ = {isa = PBXBuildFile; fileRef = 5D93A1502FBF67E300086CE8 /* N64DeltaCore_RSP.framework */; };
		5D93A1742FBF68F400086CE8 /* N64DeltaCore_RSP.framework in Embed Frameworks */ = {isa = PBXBuildFile; fileRef = 5D93A1502FBF67E300086CE8 /* N64DeltaCore_RSP.framework */; settings = {ATTRIBUTES = (CodeSignOnCopy, RemoveHeadersOnCopy, ); }; };
		5D93A1752FBF68F400086CE8 /* N64DeltaCore_Video.framework in Frameworks */ = {isa = PBXBuildFile; fileRef = 5D93A1522FBF67E300086CE8 /* N64DeltaCore_Video.framework */; };
		5D93A1762FBF68F400086CE8 /* N64DeltaCore_Video.framework in Embed Frameworks */ = {isa = PBXBuildFile; fileRef = 5D93A1522FBF67E300086CE8 /* N64DeltaCore_Video.framework */; settings = {ATTRIBUTES = (CodeSignOnCopy, RemoveHeadersOnCopy, ); }; };
		5D93A8982FC241F000086CE8 /* pcsx_rearmed_libretro_ios.framework in Embed Frameworks */ = {isa = PBXBuildFile; fileRef = 5D93A8932FC2419700086CE8 /* pcsx_rearmed_libretro_ios.framework */; settings = {ATTRIBUTES = (CodeSignOnCopy, ); }; };
		5D9D918E2E5F8F21009AF769 /* Kingfisher in Frameworks */ = {isa = PBXBuildFile; productRef = 5D9D918D2E5F8F21009AF769 /* Kingfisher */; };
		5DAA110000000007ABCD0007 /* SNESDeltaCore.framework in Frameworks */ = {isa = PBXBuildFile; fileRef = 5DAA110000000003ABCD0003 /* SNESDeltaCore.framework */; };
		5DAA110000000008ABCD0008 /* SNESDeltaCore.framework in Embed Frameworks */ = {isa = PBXBuildFile; fileRef = 5DAA110000000003ABCD0003 /* SNESDeltaCore.framework */; settings = {ATTRIBUTES = (CodeSignOnCopy, RemoveHeadersOnCopy, ); }; };
		5DF893F92FB7D26D0083B111 /* DeltaCore.framework in Frameworks */ = {isa = PBXBuildFile; fileRef = 5DF893F82FB7D26D0083B111 /* DeltaCore.framework */; };
		5DF893FA2FB7D26D0083B111 /* DeltaCore.framework in Embed Frameworks */ = {isa = PBXBuildFile; fileRef = 5DF893F82FB7D26D0083B111 /* DeltaCore.framework */; settings = {ATTRIBUTES = (CodeSignOnCopy, RemoveHeadersOnCopy, ); }; };
		5DF893FB2FB7D26D0083B111 /* GBADeltaCore.framework in Frameworks */ = {isa = PBXBuildFile; fileRef = 5DF893F52FB7D2210083B111 /* GBADeltaCore.framework */; };
		5DF893FC2FB7D26D0083B111 /* GBADeltaCore.framework in Embed Frameworks */ = {isa = PBXBuildFile; fileRef = 5DF893F52FB7D2210083B111 /* GBADeltaCore.framework */; settings = {ATTRIBUTES = (CodeSignOnCopy, RemoveHeadersOnCopy, ); }; };
		5DF8940F2FB7D79F0083B111 /* ZIPFoundation.framework in Frameworks */ = {isa = PBXBuildFile; fileRef = 5DF8940E2FB7D79F0083B111 /* ZIPFoundation.framework */; };
		5DF894102FB7D79F0083B111 /* ZIPFoundation.framework in Embed Frameworks */ = {isa = PBXBuildFile; fileRef = 5DF8940E2FB7D79F0083B111 /* ZIPFoundation.framework */; settings = {ATTRIBUTES = (CodeSignOnCopy, RemoveHeadersOnCopy, ); }; };
		A1B2C3D4E5F600000000CE01 /* mednafen_pce_fast_libretro_ios.framework in Embed Frameworks */ = {isa = PBXBuildFile; fileRef = A1B2C3D4E5F600000000CE02 /* mednafen_pce_fast_libretro_ios.framework */; settings = {ATTRIBUTES = (CodeSignOnCopy, ); }; };
		A1B2C3D4E5F600000000CE11 /* genesis_plus_gx_libretro_ios.framework in Embed Frameworks */ = {isa = PBXBuildFile; fileRef = A1B2C3D4E5F600000000CE12 /* genesis_plus_gx_libretro_ios.framework */; settings = {ATTRIBUTES = (CodeSignOnCopy, ); }; };
		5DCA1106000000000000C102 /* CHANGELOG.md in Resources */ = {isa = PBXBuildFile; fileRef = 5DCA1106000000000000C101 /* CHANGELOG.md */; };
/* End PBXBuildFile section */

/* Begin PBXContainerItemProxy section */
		5D93A12C2FBF55AE00086CE8 /* PBXContainerItemProxy */ = {
			isa = PBXContainerItemProxy;
			containerPortal = 5D93A11E2FBF55AE00086CE8 /* GPGXDeltaCore.xcodeproj */;
			proxyType = 2;
			remoteGlobalIDString = D5DF87212E25A670005CCF92;
			remoteInfo = GPGXDeltaCore;
		};
		5D93A13D2FBF67DB00086CE8 /* PBXContainerItemProxy */ = {
			isa = PBXContainerItemProxy;
			containerPortal = 5D93A1342FBF67DB00086CE8 /* NESDeltaCore.xcodeproj */;
			proxyType = 2;
			remoteGlobalIDString = BF3C12F320438F3F0079A4B5;
			remoteInfo = NESDeltaCore;
		};
		5D93A14B2FBF67E300086CE8 /* PBXContainerItemProxy */ = {
			isa = PBXContainerItemProxy;
			containerPortal = 5D93A1412FBF67E300086CE8 /* N64DeltaCore.xcodeproj */;
			proxyType = 2;
			remoteGlobalIDString = BF799014224BF59E009B094F;
			remoteInfo = N64DeltaCore;
		};
		5D93A14F2FBF67E300086CE8 /* PBXContainerItemProxy */ = {
			isa = PBXContainerItemProxy;
			containerPortal = 5D93A1412FBF67E300086CE8 /* N64DeltaCore.xcodeproj */;
			proxyType = 2;
			remoteGlobalIDString = BF799674224C09A1009B094F;
			remoteInfo = "N64DeltaCore-RSP";
		};
		5D93A1512FBF67E300086CE8 /* PBXContainerItemProxy */ = {
			isa = PBXContainerItemProxy;
			containerPortal = 5D93A1412FBF67E300086CE8 /* N64DeltaCore.xcodeproj */;
			proxyType = 2;
			remoteGlobalIDString = BF2EF80D224C1BF60032AD78;
			remoteInfo = "N64DeltaCore-Video";
		};
		5D93A15B2FBF67E900086CE8 /* PBXContainerItemProxy */ = {
			isa = PBXContainerItemProxy;
			containerPortal = 5D93A1532FBF67E900086CE8 /* MelonDSDeltaCore.xcodeproj */;
			proxyType = 2;
			remoteGlobalIDString = BF7317852356624000774F10;
			remoteInfo = MelonDSDeltaCore;
		};
		5D93A1672FBF67EF00086CE8 /* PBXContainerItemProxy */ = {
			isa = PBXContainerItemProxy;
			containerPortal = 5D93A15F2FBF67EF00086CE8 /* GBCDeltaCore.xcodeproj */;
			proxyType = 2;
			remoteGlobalIDString = BF8F2AAE1E9C879300F89F15;
			remoteInfo = GBCDeltaCore;
		};
		5DA7E4342E43D872003680D9 /* PBXContainerItemProxy */ = {
			isa = PBXContainerItemProxy;
			containerPortal = 5DA7E4182E43D870003680D9 /* Project object */;
			proxyType = 1;
			remoteGlobalIDString = 5DA7E41F2E43D870003680D9;
			remoteInfo = romm;
		};
		5DA7E43E2E43D872003680D9 /* PBXContainerItemProxy */ = {
			isa = PBXContainerItemProxy;
			containerPortal = 5DA7E4182E43D870003680D9 /* Project object */;
			proxyType = 1;
			remoteGlobalIDString = 5DA7E41F2E43D870003680D9;
			remoteInfo = romm;
		};
		5DAA110000000004ABCD0004 /* PBXContainerItemProxy */ = {
			isa = PBXContainerItemProxy;
			containerPortal = 5DAA110000000001ABCD0001 /* SNESDeltaCore.xcodeproj */;
			proxyType = 2;
			remoteGlobalIDString = BF9F4FDC1AAD8070004C9500;
			remoteInfo = SNESDeltaCore;
		};
		5DAA110000000005ABCD0005 /* PBXContainerItemProxy */ = {
			isa = PBXContainerItemProxy;
			containerPortal = 5DAA110000000001ABCD0001 /* SNESDeltaCore.xcodeproj */;
			proxyType = 1;
			remoteGlobalIDString = BF9F4FDB1AAD8070004C9500;
			remoteInfo = SNESDeltaCore;
		};
		5DF893F42FB7D2210083B111 /* PBXContainerItemProxy */ = {
			isa = PBXContainerItemProxy;
			containerPortal = 5DF893EB2FB7D2200083B111 /* GBADeltaCore.xcodeproj */;
			proxyType = 2;
			remoteGlobalIDString = BFE8E9CA1D010AF7009D623D;
			remoteInfo = GBADeltaCore;
		};
		5DF893FD2FB7D29B0083B111 /* PBXContainerItemProxy */ = {
			isa = PBXContainerItemProxy;
			containerPortal = 5DF893EB2FB7D2200083B111 /* GBADeltaCore.xcodeproj */;
			proxyType = 1;
			remoteGlobalIDString = BFE8E9C91D010AF7009D623D;
			remoteInfo = GBADeltaCore;
		};
/* End PBXContainerItemProxy section */

/* Begin PBXCopyFilesBuildPhase section */
		5D7501372E97A35300DAE612 /* Embed Frameworks */ = {
			isa = PBXCopyFilesBuildPhase;
			buildActionMask = 2147483647;
			dstPath = "";
			dstSubfolderSpec = 10;
			files = (
				5DF893FA2FB7D26D0083B111 /* DeltaCore.framework in Embed Frameworks */,
				5D93A1762FBF68F400086CE8 /* N64DeltaCore_Video.framework in Embed Frameworks */,
				5D93A16E2FBF682000086CE8 /* GBCDeltaCore.framework in Embed Frameworks */,
				5D93A1742FBF68F400086CE8 /* N64DeltaCore_RSP.framework in Embed Frameworks */,
				5DF894102FB7D79F0083B111 /* ZIPFoundation.framework in Embed Frameworks */,
				5D7501362E97A35300DAE612 /* mft.xcframework in Embed Frameworks */,
				5D93A1702FBF682500086CE8 /* N64DeltaCore.framework in Embed Frameworks */,
				5D93A1722FBF682D00086CE8 /* MelonDSDeltaCore.framework in Embed Frameworks */,
				5DF893FC2FB7D26D0083B111 /* GBADeltaCore.framework in Embed Frameworks */,
				5D93A16C2FBF681C00086CE8 /* NESDeltaCore.framework in Embed Frameworks */,
				5D93A8982FC241F000086CE8 /* pcsx_rearmed_libretro_ios.framework in Embed Frameworks */,
				A1B2C3D4E5F600000000CE01 /* mednafen_pce_fast_libretro_ios.framework in Embed Frameworks */,
				A1B2C3D4E5F600000000CE11 /* genesis_plus_gx_libretro_ios.framework in Embed Frameworks */,
				5D93A1312FBF55D300086CE8 /* GPGXDeltaCore.framework in Embed Frameworks */,
				5DAA110000000008ABCD0008 /* SNESDeltaCore.framework in Embed Frameworks */,
			);
			name = "Embed Frameworks";
			runOnlyForDeploymentPostprocessing = 0;
		};
/* End PBXCopyFilesBuildPhase section */

/* Begin PBXFileReference section */
		5D2B9D032E5BA8C200F5233E /* mft.xcframework */ = {isa = PBXFileReference; expectedSignature = "AppleDeveloperProgram:8J69P655GN:Ilyas Hallak"; lastKnownFileType = wrapper.xcframework; name = mft.xcframework; path = "../../mft 2025-08-24 21-54-12/mft.xcframework"; sourceTree = "<group>"; };
		5D93A11E2FBF55AE00086CE8 /* GPGXDeltaCore.xcodeproj */ = {isa = PBXFileReference; lastKnownFileType = "wrapper.pb-project"; name = GPGXDeltaCore.xcodeproj; path = ../Vendor/GPGXDeltaCore/GPGXDeltaCore.xcodeproj; sourceTree = SOURCE_ROOT; };
		5D93A1342FBF67DB00086CE8 /* NESDeltaCore.xcodeproj */ = {isa = PBXFileReference; lastKnownFileType = "wrapper.pb-project"; name = NESDeltaCore.xcodeproj; path = ../Vendor/NESDeltaCore/NESDeltaCore.xcodeproj; sourceTree = SOURCE_ROOT; };
		5D93A1412FBF67E300086CE8 /* N64DeltaCore.xcodeproj */ = {isa = PBXFileReference; lastKnownFileType = "wrapper.pb-project"; name = N64DeltaCore.xcodeproj; path = ../Vendor/N64DeltaCore/N64DeltaCore.xcodeproj; sourceTree = SOURCE_ROOT; };
		5D93A1532FBF67E900086CE8 /* MelonDSDeltaCore.xcodeproj */ = {isa = PBXFileReference; lastKnownFileType = "wrapper.pb-project"; name = MelonDSDeltaCore.xcodeproj; path = ../Vendor/MelonDSDeltaCore/MelonDSDeltaCore.xcodeproj; sourceTree = SOURCE_ROOT; };
		5D93A15F2FBF67EF00086CE8 /* GBCDeltaCore.xcodeproj */ = {isa = PBXFileReference; lastKnownFileType = "wrapper.pb-project"; name = GBCDeltaCore.xcodeproj; path = ../Vendor/GBCDeltaCore/GBCDeltaCore.xcodeproj; sourceTree = SOURCE_ROOT; };
		5D93A8932FC2419700086CE8 /* pcsx_rearmed_libretro_ios.framework */ = {isa = PBXFileReference; lastKnownFileType = wrapper.framework; path = pcsx_rearmed_libretro_ios.framework; sourceTree = "<group>"; };
		5DA7E4202E43D870003680D9 /* romm.app */ = {isa = PBXFileReference; explicitFileType = wrapper.application; includeInIndex = 0; path = romm.app; sourceTree = BUILT_PRODUCTS_DIR; };
		5DA7E4332E43D872003680D9 /* rommTests.xctest */ = {isa = PBXFileReference; explicitFileType = wrapper.cfbundle; includeInIndex = 0; path = rommTests.xctest; sourceTree = BUILT_PRODUCTS_DIR; };
		5DA7E43D2E43D872003680D9 /* rommUITests.xctest */ = {isa = PBXFileReference; explicitFileType = wrapper.cfbundle; includeInIndex = 0; path = rommUITests.xctest; sourceTree = BUILT_PRODUCTS_DIR; };
		5DAA110000000001ABCD0001 /* SNESDeltaCore.xcodeproj */ = {isa = PBXFileReference; lastKnownFileType = "wrapper.pb-project"; name = SNESDeltaCore.xcodeproj; path = ../Vendor/SNESDeltaCore/SNESDeltaCore.xcodeproj; sourceTree = SOURCE_ROOT; };
		5DF893EB2FB7D2200083B111 /* GBADeltaCore.xcodeproj */ = {isa = PBXFileReference; lastKnownFileType = "wrapper.pb-project"; name = GBADeltaCore.xcodeproj; path = ../Vendor/GBADeltaCore/GBADeltaCore.xcodeproj; sourceTree = SOURCE_ROOT; };
		5DF893F82FB7D26D0083B111 /* DeltaCore.framework */ = {isa = PBXFileReference; explicitFileType = wrapper.framework; path = DeltaCore.framework; sourceTree = BUILT_PRODUCTS_DIR; };
		5DF8940E2FB7D79F0083B111 /* ZIPFoundation.framework */ = {isa = PBXFileReference; explicitFileType = wrapper.framework; path = ZIPFoundation.framework; sourceTree = BUILT_PRODUCTS_DIR; };
		A1B2C3D4E5F600000000CE02 /* mednafen_pce_fast_libretro_ios.framework */ = {isa = PBXFileReference; lastKnownFileType = wrapper.framework; path = mednafen_pce_fast_libretro_ios.framework; sourceTree = "<group>"; };
		A1B2C3D4E5F600000000CE12 /* genesis_plus_gx_libretro_ios.framework */ = {isa = PBXFileReference; lastKnownFileType = wrapper.framework; path = genesis_plus_gx_libretro_ios.framework; sourceTree = "<group>"; };
		5DCA1106000000000000C101 /* CHANGELOG.md */ = {isa = PBXFileReference; lastKnownFileType = net.daringfireball.markdown; name = CHANGELOG.md; path = ../CHANGELOG.md; sourceTree = SOURCE_ROOT; };
/* End PBXFileReference section */

/* Begin PBXFileSystemSynchronizedBuildFileExceptionSet section */
		5DC8DCDD2E453EC1009DD0CA /* Exceptions for "romm" folder in "romm" target */ = {
			isa = PBXFileSystemSynchronizedBuildFileExceptionSet;
			membershipExceptions = (
				Info.plist,
			);
			target = 5DA7E41F2E43D870003680D9 /* romm */;
		};
/* End PBXFileSystemSynchronizedBuildFileExceptionSet section */

/* Begin PBXFileSystemSynchronizedRootGroup section */
		5DA7E4222E43D870003680D9 /* romm */ = {
			isa = PBXFileSystemSynchronizedRootGroup;
			exceptions = (
				5DC8DCDD2E453EC1009DD0CA /* Exceptions for "romm" folder in "romm" target */,
			);
			path = romm;
			sourceTree = "<group>";
		};
		5DA7E4362E43D872003680D9 /* rommTests */ = {
			isa = PBXFileSystemSynchronizedRootGroup;
			path = rommTests;
			sourceTree = "<group>";
		};
		5DA7E4402E43D872003680D9 /* rommUITests */ = {
			isa = PBXFileSystemSynchronizedRootGroup;
			path = rommUITests;
			sourceTree = "<group>";
		};
/* End PBXFileSystemSynchronizedRootGroup section */

/* Begin PBXFrameworksBuildPhase section */
		5DA7E41D2E43D870003680D9 /* Frameworks */ = {
			isa = PBXFrameworksBuildPhase;
			buildActionMask = 2147483647;
			files = (
				5DF893F92FB7D26D0083B111 /* DeltaCore.framework in Frameworks */,
				5D9D918E2E5F8F21009AF769 /* Kingfisher in Frameworks */,
				5D2C4E1F2F7B9A43009CF871 /* SWCompression in Frameworks */,
				5D7501352E97A35300DAE612 /* mft.xcframework in Frameworks */,
				5D93A1712FBF682D00086CE8 /* MelonDSDeltaCore.framework in Frameworks */,
				5D93A16F2FBF682500086CE8 /* N64DeltaCore.framework in Frameworks */,
				5D93A1732FBF68F400086CE8 /* N64DeltaCore_RSP.framework in Frameworks */,
				5D93A16B2FBF681C00086CE8 /* NESDeltaCore.framework in Frameworks */,
				5DF893FB2FB7D26D0083B111 /* GBADeltaCore.framework in Frameworks */,
				5DAA110000000007ABCD0007 /* SNESDeltaCore.framework in Frameworks */,
				5DF8940F2FB7D79F0083B111 /* ZIPFoundation.framework in Frameworks */,
				5D93A16D2FBF682000086CE8 /* GBCDeltaCore.framework in Frameworks */,
				5D93A1752FBF68F400086CE8 /* N64DeltaCore_Video.framework in Frameworks */,
				5D93A1302FBF55D300086CE8 /* GPGXDeltaCore.framework in Frameworks */,
			);
			runOnlyForDeploymentPostprocessing = 0;
		};
		5DA7E4302E43D872003680D9 /* Frameworks */ = {
			isa = PBXFrameworksBuildPhase;
			buildActionMask = 2147483647;
			files = (
			);
			runOnlyForDeploymentPostprocessing = 0;
		};
		5DA7E43A2E43D872003680D9 /* Frameworks */ = {
			isa = PBXFrameworksBuildPhase;
			buildActionMask = 2147483647;
			files = (
			);
			runOnlyForDeploymentPostprocessing = 0;
		};
/* End PBXFrameworksBuildPhase section */

/* Begin PBXGroup section */
		5D2B9D022E5BA8C200F5233E /* Frameworks */ = {
			isa = PBXGroup;
			children = (
				5DF8940E2FB7D79F0083B111 /* ZIPFoundation.framework */,
				5DF893F82FB7D26D0083B111 /* DeltaCore.framework */,
				5D2B9D032E5BA8C200F5233E /* mft.xcframework */,
			);
			name = Frameworks;
			sourceTree = "<group>";
		};
		5D93A1282FBF55AE00086CE8 /* Products */ = {
			isa = PBXGroup;
			children = (
				5D93A12D2FBF55AE00086CE8 /* GPGXDeltaCore.framework */,
			);
			name = Products;
			sourceTree = "<group>";
		};
		5D93A1382FBF67DB00086CE8 /* Products */ = {
			isa = PBXGroup;
			children = (
				5D93A13E2FBF67DB00086CE8 /* NESDeltaCore.framework */,
			);
			name = Products;
			sourceTree = "<group>";
		};
		5D93A1452FBF67E300086CE8 /* Products */ = {
			isa = PBXGroup;
			children = (
				5D93A14C2FBF67E300086CE8 /* N64DeltaCore.framework */,
				5D93A1502FBF67E300086CE8 /* N64DeltaCore_RSP.framework */,
				5D93A1522FBF67E300086CE8 /* N64DeltaCore_Video.framework */,
			);
			name = Products;
			sourceTree = "<group>";
		};
		5D93A1572FBF67E900086CE8 /* Products */ = {
			isa = PBXGroup;
			children = (
				5D93A15C2FBF67E900086CE8 /* MelonDSDeltaCore.framework */,
			);
			name = Products;
			sourceTree = "<group>";
		};
		5D93A1632FBF67EF00086CE8 /* Products */ = {
			isa = PBXGroup;
			children = (
				5D93A1682FBF67EF00086CE8 /* GBCDeltaCore.framework */,
			);
			name = Products;
			sourceTree = "<group>";
		};
		5D93A8952FC2419700086CE8 /* Libretro */ = {
			isa = PBXGroup;
			children = (
				5D93A8932FC2419700086CE8 /* pcsx_rearmed_libretro_ios.framework */,
				A1B2C3D4E5F600000000CE02 /* mednafen_pce_fast_libretro_ios.framework */,
				A1B2C3D4E5F600000000CE12 /* genesis_plus_gx_libretro_ios.framework */,
			);
			name = Libretro;
			path = ../Vendor/Libretro;
			sourceTree = SOURCE_ROOT;
		};
		5DA7E4172E43D870003680D9 = {
			isa = PBXGroup;
			children = (
				5DCA1106000000000000C101 /* CHANGELOG.md */,
				5D93A8952FC2419700086CE8 /* Libretro */,
				5D93A15F2FBF67EF00086CE8 /* GBCDeltaCore.xcodeproj */,
				5D93A1532FBF67E900086CE8 /* MelonDSDeltaCore.xcodeproj */,
				5D93A1412FBF67E300086CE8 /* N64DeltaCore.xcodeproj */,
				5D93A1342FBF67DB00086CE8 /* NESDeltaCore.xcodeproj */,
				5D93A11E2FBF55AE00086CE8 /* GPGXDeltaCore.xcodeproj */,
				5DF893EB2FB7D2200083B111 /* GBADeltaCore.xcodeproj */,
				5DAA110000000001ABCD0001 /* SNESDeltaCore.xcodeproj */,
				5DA7E4222E43D870003680D9 /* romm */,
				5DA7E4362E43D872003680D9 /* rommTests */,
				5DA7E4402E43D872003680D9 /* rommUITests */,
				5D2B9D022E5BA8C200F5233E /* Frameworks */,
				5DA7E4212E43D870003680D9 /* Products */,
			);
			sourceTree = "<group>";
		};
		5DA7E4212E43D870003680D9 /* Products */ = {
			isa = PBXGroup;
			children = (
				5DA7E4202E43D870003680D9 /* romm.app */,
				5DA7E4332E43D872003680D9 /* rommTests.xctest */,
				5DA7E43D2E43D872003680D9 /* rommUITests.xctest */,
			);
			name = Products;
			sourceTree = "<group>";
		};
		5DF893F02FB7D2210083B111 /* Products */ = {
			isa = PBXGroup;
			children = (
				5DF893F52FB7D2210083B111 /* GBADeltaCore.framework */,
			);
			name = Products;
			sourceTree = "<group>";
		};
		5DF8A2762FB921310083B111 /* Products */ = {
			isa = PBXGroup;
			children = (
				5DAA110000000003ABCD0003 /* SNESDeltaCore.framework */,
			);
			name = Products;
			sourceTree = "<group>";
		};
/* End PBXGroup section */

/* Begin PBXNativeTarget section */
		5DA7E41F2E43D870003680D9 /* romm */ = {
			isa = PBXNativeTarget;
			buildConfigurationList = 5DA7E4472E43D872003680D9 /* Build configuration list for PBXNativeTarget "romm" */;
			buildPhases = (
				5DA7E41C2E43D870003680D9 /* Sources */,
				5DA7E41D2E43D870003680D9 /* Frameworks */,
				5DA7E41E2E43D870003680D9 /* Resources */,
				5D7501372E97A35300DAE612 /* Embed Frameworks */,
			);
			buildRules = (
			);
			dependencies = (
				5DF893FE2FB7D29B0083B111 /* PBXTargetDependency */,
				5DAA110000000006ABCD0006 /* PBXTargetDependency */,
			);
			fileSystemSynchronizedGroups = (
				5DA7E4222E43D870003680D9 /* romm */,
			);
			name = romm;
			packageProductDependencies = (
				5D9D918D2E5F8F21009AF769 /* Kingfisher */,
				5D2C4E1E2F7B9A43009CF871 /* SWCompression */,
			);
			productName = romm;
			productReference = 5DA7E4202E43D870003680D9 /* romm.app */;
			productType = "com.apple.product-type.application";
		};
		5DA7E4322E43D872003680D9 /* rommTests */ = {
			isa = PBXNativeTarget;
			buildConfigurationList = 5DA7E44A2E43D872003680D9 /* Build configuration list for PBXNativeTarget "rommTests" */;
			buildPhases = (
				5DA7E42F2E43D872003680D9 /* Sources */,
				5DA7E4302E43D872003680D9 /* Frameworks */,
				5DA7E4312E43D872003680D9 /* Resources */,
			);
			buildRules = (
			);
			dependencies = (
				5DA7E4352E43D872003680D9 /* PBXTargetDependency */,
			);
			fileSystemSynchronizedGroups = (
				5DA7E4362E43D872003680D9 /* rommTests */,
			);
			name = rommTests;
			packageProductDependencies = (
			);
			productName = rommTests;
			productReference = 5DA7E4332E43D872003680D9 /* rommTests.xctest */;
			productType = "com.apple.product-type.bundle.unit-test";
		};
		5DA7E43C2E43D872003680D9 /* rommUITests */ = {
			isa = PBXNativeTarget;
			buildConfigurationList = 5DA7E44D2E43D872003680D9 /* Build configuration list for PBXNativeTarget "rommUITests" */;
			buildPhases = (
				5DA7E4392E43D872003680D9 /* Sources */,
				5DA7E43A2E43D872003680D9 /* Frameworks */,
				5DA7E43B2E43D872003680D9 /* Resources */,
			);
			buildRules = (
			);
			dependencies = (
				5DA7E43F2E43D872003680D9 /* PBXTargetDependency */,
			);
			fileSystemSynchronizedGroups = (
				5DA7E4402E43D872003680D9 /* rommUITests */,
			);
			name = rommUITests;
			packageProductDependencies = (
			);
			productName = rommUITests;
			productReference = 5DA7E43D2E43D872003680D9 /* rommUITests.xctest */;
			productType = "com.apple.product-type.bundle.ui-testing";
		};
/* End PBXNativeTarget section */

/* Begin PBXProject section */
		5DA7E4182E43D870003680D9 /* Project object */ = {
			isa = PBXProject;
			attributes = {
				BuildIndependentTargetsInParallel = 1;
				LastSwiftUpdateCheck = 1640;
				LastUpgradeCheck = 1640;
				TargetAttributes = {
					5DA7E41F2E43D870003680D9 = {
						CreatedOnToolsVersion = 16.4;
					};
					5DA7E4322E43D872003680D9 = {
						CreatedOnToolsVersion = 16.4;
						TestTargetID = 5DA7E41F2E43D870003680D9;
					};
					5DA7E43C2E43D872003680D9 = {
						CreatedOnToolsVersion = 16.4;
						TestTargetID = 5DA7E41F2E43D870003680D9;
					};
				};
			};
			buildConfigurationList = 5DA7E41B2E43D870003680D9 /* Build configuration list for PBXProject "romm" */;
			developmentRegion = en;
			hasScannedForEncodings = 0;
			knownRegions = (
				en,
				de,
				Base,
			);
			mainGroup = 5DA7E4172E43D870003680D9;
			minimizedProjectReferenceProxies = 1;
			packageReferences = (
				5D9D918C2E5F8F21009AF769 /* XCRemoteSwiftPackageReference "Kingfisher" */,
				5D2C4E1D2F7B9A43009CF871 /* XCRemoteSwiftPackageReference "SWCompression" */,
			);
			preferredProjectObjectVersion = 77;
			productRefGroup = 5DA7E4212E43D870003680D9 /* Products */;
			projectDirPath = "";
			projectReferences = (
				{
					ProductGroup = 5DF893F02FB7D2210083B111 /* Products */;
					ProjectRef = 5DF893EB2FB7D2200083B111 /* GBADeltaCore.xcodeproj */;
				},
				{
					ProductGroup = 5D93A1632FBF67EF00086CE8 /* Products */;
					ProjectRef = 5D93A15F2FBF67EF00086CE8 /* GBCDeltaCore.xcodeproj */;
				},
				{
					ProductGroup = 5D93A1282FBF55AE00086CE8 /* Products */;
					ProjectRef = 5D93A11E2FBF55AE00086CE8 /* GPGXDeltaCore.xcodeproj */;
				},
				{
					ProductGroup = 5D93A1572FBF67E900086CE8 /* Products */;
					ProjectRef = 5D93A1532FBF67E900086CE8 /* MelonDSDeltaCore.xcodeproj */;
				},
				{
					ProductGroup = 5D93A1452FBF67E300086CE8 /* Products */;
					ProjectRef = 5D93A1412FBF67E300086CE8 /* N64DeltaCore.xcodeproj */;
				},
				{
					ProductGroup = 5D93A1382FBF67DB00086CE8 /* Products */;
					ProjectRef = 5D93A1342FBF67DB00086CE8 /* NESDeltaCore.xcodeproj */;
				},
				{
					ProductGroup = 5DF8A2762FB921310083B111 /* Products */;
					ProjectRef = 5DAA110000000001ABCD0001 /* SNESDeltaCore.xcodeproj */;
				},
			);
			projectRoot = "";
			targets = (
				5DA7E41F2E43D870003680D9 /* romm */,
				5DA7E4322E43D872003680D9 /* rommTests */,
				5DA7E43C2E43D872003680D9 /* rommUITests */,
			);
		};
/* End PBXProject section */

/* Begin PBXReferenceProxy section */
		5D93A12D2FBF55AE00086CE8 /* GPGXDeltaCore.framework */ = {
			isa = PBXReferenceProxy;
			fileType = wrapper.framework;
			path = GPGXDeltaCore.framework;
			remoteRef = 5D93A12C2FBF55AE00086CE8 /* PBXContainerItemProxy */;
			sourceTree = BUILT_PRODUCTS_DIR;
		};
		5D93A13E2FBF67DB00086CE8 /* NESDeltaCore.framework */ = {
			isa = PBXReferenceProxy;
			fileType = wrapper.framework;
			path = NESDeltaCore.framework;
			remoteRef = 5D93A13D2FBF67DB00086CE8 /* PBXContainerItemProxy */;
			sourceTree = BUILT_PRODUCTS_DIR;
		};
		5D93A14C2FBF67E300086CE8 /* N64DeltaCore.framework */ = {
			isa = PBXReferenceProxy;
			fileType = wrapper.framework;
			path = N64DeltaCore.framework;
			remoteRef = 5D93A14B2FBF67E300086CE8 /* PBXContainerItemProxy */;
			sourceTree = BUILT_PRODUCTS_DIR;
		};
		5D93A1502FBF67E300086CE8 /* N64DeltaCore_RSP.framework */ = {
			isa = PBXReferenceProxy;
			fileType = wrapper.framework;
			path = N64DeltaCore_RSP.framework;
			remoteRef = 5D93A14F2FBF67E300086CE8 /* PBXContainerItemProxy */;
			sourceTree = BUILT_PRODUCTS_DIR;
		};
		5D93A1522FBF67E300086CE8 /* N64DeltaCore_Video.framework */ = {
			isa = PBXReferenceProxy;
			fileType = wrapper.framework;
			path = N64DeltaCore_Video.framework;
			remoteRef = 5D93A1512FBF67E300086CE8 /* PBXContainerItemProxy */;
			sourceTree = BUILT_PRODUCTS_DIR;
		};
		5D93A15C2FBF67E900086CE8 /* MelonDSDeltaCore.framework */ = {
			isa = PBXReferenceProxy;
			fileType = wrapper.framework;
			path = MelonDSDeltaCore.framework;
			remoteRef = 5D93A15B2FBF67E900086CE8 /* PBXContainerItemProxy */;
			sourceTree = BUILT_PRODUCTS_DIR;
		};
		5D93A1682FBF67EF00086CE8 /* GBCDeltaCore.framework */ = {
			isa = PBXReferenceProxy;
			fileType = wrapper.framework;
			path = GBCDeltaCore.framework;
			remoteRef = 5D93A1672FBF67EF00086CE8 /* PBXContainerItemProxy */;
			sourceTree = BUILT_PRODUCTS_DIR;
		};
		5DAA110000000003ABCD0003 /* SNESDeltaCore.framework */ = {
			isa = PBXReferenceProxy;
			fileType = wrapper.framework;
			path = SNESDeltaCore.framework;
			remoteRef = 5DAA110000000004ABCD0004 /* PBXContainerItemProxy */;
			sourceTree = BUILT_PRODUCTS_DIR;
		};
		5DF893F52FB7D2210083B111 /* GBADeltaCore.framework */ = {
			isa = PBXReferenceProxy;
			fileType = wrapper.framework;
			path = GBADeltaCore.framework;
			remoteRef = 5DF893F42FB7D2210083B111 /* PBXContainerItemProxy */;
			sourceTree = BUILT_PRODUCTS_DIR;
		};
/* End PBXReferenceProxy section */

/* Begin PBXResourcesBuildPhase section */
		5DA7E41E2E43D870003680D9 /* Resources */ = {
			isa = PBXResourcesBuildPhase;
			buildActionMask = 2147483647;
			files = (
				5DCA1106000000000000C102 /* CHANGELOG.md in Resources */,
			);
			runOnlyForDeploymentPostprocessing = 0;
		};
		5DA7E4312E43D872003680D9 /* Resources */ = {
			isa = PBXResourcesBuildPhase;
			buildActionMask = 2147483647;
			files = (
			);
			runOnlyForDeploymentPostprocessing = 0;
		};
		5DA7E43B2E43D872003680D9 /* Resources */ = {
			isa = PBXResourcesBuildPhase;
			buildActionMask = 2147483647;
			files = (
			);
			runOnlyForDeploymentPostprocessing = 0;
		};
/* End PBXResourcesBuildPhase section */

/* Begin PBXSourcesBuildPhase section */
		5DA7E41C2E43D870003680D9 /* Sources */ = {
			isa = PBXSourcesBuildPhase;
			buildActionMask = 2147483647;
			files = (
			);
			runOnlyForDeploymentPostprocessing = 0;
		};
		5DA7E42F2E43D872003680D9 /* Sources */ = {
			isa = PBXSourcesBuildPhase;
			buildActionMask = 2147483647;
			files = (
			);
			runOnlyForDeploymentPostprocessing = 0;
		};
		5DA7E4392E43D872003680D9 /* Sources */ = {
			isa = PBXSourcesBuildPhase;
			buildActionMask = 2147483647;
			files = (
			);
			runOnlyForDeploymentPostprocessing = 0;
		};
/* End PBXSourcesBuildPhase section */

/* Begin PBXTargetDependency section */
		5DA7E4352E43D872003680D9 /* PBXTargetDependency */ = {
			isa = PBXTargetDependency;
			target = 5DA7E41F2E43D870003680D9 /* romm */;
			targetProxy = 5DA7E4342E43D872003680D9 /* PBXContainerItemProxy */;
		};
		5DA7E43F2E43D872003680D9 /* PBXTargetDependency */ = {
			isa = PBXTargetDependency;
			target = 5DA7E41F2E43D870003680D9 /* romm */;
			targetProxy = 5DA7E43E2E43D872003680D9 /* PBXContainerItemProxy */;
		};
		5DAA110000000006ABCD0006 /* PBXTargetDependency */ = {
			isa = PBXTargetDependency;
			name = SNESDeltaCore;
			targetProxy = 5DAA110000000005ABCD0005 /* PBXContainerItemProxy */;
		};
		5DF893FE2FB7D29B0083B111 /* PBXTargetDependency */ = {
			isa = PBXTargetDependency;
			name = GBADeltaCore;
			targetProxy = 5DF893FD2FB7D29B0083B111 /* PBXContainerItemProxy */;
		};
/* End PBXTargetDependency section */

/* Begin XCBuildConfiguration section */
		5DA7E4452E43D872003680D9 /* Debug */ = {
			isa = XCBuildConfiguration;
			buildSettings = {
				ALWAYS_SEARCH_USER_PATHS = NO;
				ASSETCATALOG_COMPILER_GENERATE_SWIFT_ASSET_SYMBOL_EXTENSIONS = YES;
				CLANG_ANALYZER_NONNULL = YES;
				CLANG_ANALYZER_NUMBER_OBJECT_CONVERSION = YES_AGGRESSIVE;
				CLANG_CXX_LANGUAGE_STANDARD = "gnu++20";
				CLANG_ENABLE_MODULES = YES;
				CLANG_ENABLE_OBJC_ARC = YES;
				CLANG_ENABLE_OBJC_WEAK = YES;
				CLANG_WARN_BLOCK_CAPTURE_AUTORELEASING = YES;
				CLANG_WARN_BOOL_CONVERSION = YES;
				CLANG_WARN_COMMA = YES;
				CLANG_WARN_CONSTANT_CONVERSION = YES;
				CLANG_WARN_DEPRECATED_OBJC_IMPLEMENTATIONS = YES;
				CLANG_WARN_DIRECT_OBJC_ISA_USAGE = YES_ERROR;
				CLANG_WARN_DOCUMENTATION_COMMENTS = YES;
				CLANG_WARN_EMPTY_BODY = YES;
				CLANG_WARN_ENUM_CONVERSION = YES;
				CLANG_WARN_INFINITE_RECURSION = YES;
				CLANG_WARN_INT_CONVERSION = YES;
				CLANG_WARN_NON_LITERAL_NULL_CONVERSION = YES;
				CLANG_WARN_OBJC_IMPLICIT_RETAIN_SELF = YES;
				CLANG_WARN_OBJC_LITERAL_CONVERSION = YES;
				CLANG_WARN_OBJC_ROOT_CLASS = YES_ERROR;
				CLANG_WARN_QUOTED_INCLUDE_IN_FRAMEWORK_HEADER = YES;
				CLANG_WARN_RANGE_LOOP_ANALYSIS = YES;
				CLANG_WARN_STRICT_PROTOTYPES = YES;
				CLANG_WARN_SUSPICIOUS_MOVE = YES;
				CLANG_WARN_UNGUARDED_AVAILABILITY = YES_AGGRESSIVE;
				CLANG_WARN_UNREACHABLE_CODE = YES;
				CLANG_WARN__DUPLICATE_METHOD_MATCH = YES;
				COPY_PHASE_STRIP = NO;
				DEBUG_INFORMATION_FORMAT = dwarf;
				DEVELOPMENT_TEAM = 8J69P655GN;
				ENABLE_STRICT_OBJC_MSGSEND = YES;
				ENABLE_TESTABILITY = YES;
				ENABLE_USER_SCRIPT_SANDBOXING = YES;
				GCC_C_LANGUAGE_STANDARD = gnu17;
				GCC_DYNAMIC_NO_PIC = NO;
				GCC_NO_COMMON_BLOCKS = YES;
				GCC_OPTIMIZATION_LEVEL = 0;
				GCC_PREPROCESSOR_DEFINITIONS = (
					"DEBUG=1",
					"$(inherited)",
				);
				GCC_WARN_64_TO_32_BIT_CONVERSION = YES;
				GCC_WARN_ABOUT_RETURN_TYPE = YES_ERROR;
				GCC_WARN_UNDECLARED_SELECTOR = YES;
				GCC_WARN_UNINITIALIZED_AUTOS = YES_AGGRESSIVE;
				GCC_WARN_UNUSED_FUNCTION = YES;
				GCC_WARN_UNUSED_VARIABLE = YES;
				LOCALIZATION_PREFERS_STRING_CATALOGS = YES;
				MTL_ENABLE_DEBUG_INFO = INCLUDE_SOURCE;
				MTL_FAST_MATH = YES;
				ONLY_ACTIVE_ARCH = YES;
				SWIFT_ACTIVE_COMPILATION_CONDITIONS = "DEBUG $(inherited)";
				SWIFT_OPTIMIZATION_LEVEL = "-Onone";
			};
			name = Debug;
		};
		5DA7E4462E43D872003680D9 /* Release */ = {
			isa = XCBuildConfiguration;
			buildSettings = {
				ALWAYS_SEARCH_USER_PATHS = NO;
				ASSETCATALOG_COMPILER_GENERATE_SWIFT_ASSET_SYMBOL_EXTENSIONS = YES;
				CLANG_ANALYZER_NONNULL = YES;
				CLANG_ANALYZER_NUMBER_OBJECT_CONVERSION = YES_AGGRESSIVE;
				CLANG_CXX_LANGUAGE_STANDARD = "gnu++20";
				CLANG_ENABLE_MODULES = YES;
				CLANG_ENABLE_OBJC_ARC = YES;
				CLANG_ENABLE_OBJC_WEAK = YES;
				CLANG_WARN_BLOCK_CAPTURE_AUTORELEASING = YES;
				CLANG_WARN_BOOL_CONVERSION = YES;
				CLANG_WARN_COMMA = YES;
				CLANG_WARN_CONSTANT_CONVERSION = YES;
				CLANG_WARN_DEPRECATED_OBJC_IMPLEMENTATIONS = YES;
				CLANG_WARN_DIRECT_OBJC_ISA_USAGE = YES_ERROR;
				CLANG_WARN_DOCUMENTATION_COMMENTS = YES;
				CLANG_WARN_EMPTY_BODY = YES;
				CLANG_WARN_ENUM_CONVERSION = YES;
				CLANG_WARN_INFINITE_RECURSION = YES;
				CLANG_WARN_INT_CONVERSION = YES;
				CLANG_WARN_NON_LITERAL_NULL_CONVERSION = YES;
				CLANG_WARN_OBJC_IMPLICIT_RETAIN_SELF = YES;
				CLANG_WARN_OBJC_LITERAL_CONVERSION = YES;
				CLANG_WARN_OBJC_ROOT_CLASS = YES_ERROR;
				CLANG_WARN_QUOTED_INCLUDE_IN_FRAMEWORK_HEADER = YES;
				CLANG_WARN_RANGE_LOOP_ANALYSIS = YES;
				CLANG_WARN_STRICT_PROTOTYPES = YES;
				CLANG_WARN_SUSPICIOUS_MOVE = YES;
				CLANG_WARN_UNGUARDED_AVAILABILITY = YES_AGGRESSIVE;
				CLANG_WARN_UNREACHABLE_CODE = YES;
				CLANG_WARN__DUPLICATE_METHOD_MATCH = YES;
				COPY_PHASE_STRIP = NO;
				DEBUG_INFORMATION_FORMAT = "dwarf-with-dsym";
				DEVELOPMENT_TEAM = 8J69P655GN;
				ENABLE_NS_ASSERTIONS = NO;
				ENABLE_STRICT_OBJC_MSGSEND = YES;
				ENABLE_USER_SCRIPT_SANDBOXING = YES;
				GCC_C_LANGUAGE_STANDARD = gnu17;
				GCC_NO_COMMON_BLOCKS = YES;
				GCC_WARN_64_TO_32_BIT_CONVERSION = YES;
				GCC_WARN_ABOUT_RETURN_TYPE = YES_ERROR;
				GCC_WARN_UNDECLARED_SELECTOR = YES;
				GCC_WARN_UNINITIALIZED_AUTOS = YES_AGGRESSIVE;
				GCC_WARN_UNUSED_FUNCTION = YES;
				GCC_WARN_UNUSED_VARIABLE = YES;
				LOCALIZATION_PREFERS_STRING_CATALOGS = YES;
				MTL_ENABLE_DEBUG_INFO = NO;
				MTL_FAST_MATH = YES;
				SWIFT_COMPILATION_MODE = wholemodule;
			};
			name = Release;
		};
		5DA7E4482E43D872003680D9 /* Debug */ = {
			isa = XCBuildConfiguration;
			buildSettings = {
				ASSETCATALOG_COMPILER_APPICON_NAME = AppIcon;
				ASSETCATALOG_COMPILER_GLOBAL_ACCENT_COLOR_NAME = AccentColor;
				CODE_SIGN_ENTITLEMENTS = romm/romm.entitlements;
				CODE_SIGN_STYLE = Automatic;
				CURRENT_PROJECT_VERSION = 41;
				DEVELOPMENT_TEAM = 8J69P655GN;
				ENABLE_HARDENED_RUNTIME = YES;
				ENABLE_PREVIEWS = YES;
				GENERATE_INFOPLIST_FILE = YES;
				INFOPLIST_FILE = romm/Info.plist;
				INFOPLIST_KEY_CFBundleDisplayName = Romm;
				INFOPLIST_KEY_ITSAppUsesNonExemptEncryption = NO;
				INFOPLIST_KEY_LSApplicationCategoryType = "public.app-category.lifestyle";
				INFOPLIST_KEY_LSSupportsOpeningDocumentsInPlace = YES;
				"INFOPLIST_KEY_UIApplicationSupportsIndirectInputEvents[sdk=iphoneos*]" = YES;
				"INFOPLIST_KEY_UIApplicationSupportsIndirectInputEvents[sdk=iphonesimulator*]" = YES;
				"INFOPLIST_KEY_UILaunchScreen_Generation[sdk=iphoneos*]" = YES;
				"INFOPLIST_KEY_UILaunchScreen_Generation[sdk=iphonesimulator*]" = YES;
				"INFOPLIST_KEY_UIStatusBarStyle[sdk=iphoneos*]" = UIStatusBarStyleDefault;
				"INFOPLIST_KEY_UIStatusBarStyle[sdk=iphonesimulator*]" = UIStatusBarStyleDefault;
				INFOPLIST_KEY_UISupportedInterfaceOrientations = "UIInterfaceOrientationPortrait UIInterfaceOrientationLandscapeLeft UIInterfaceOrientationLandscapeRight";
				INFOPLIST_KEY_UISupportedInterfaceOrientations_iPad = "UIInterfaceOrientationLandscapeLeft UIInterfaceOrientationLandscapeRight UIInterfaceOrientationPortrait UIInterfaceOrientationPortraitUpsideDown";
				IPHONEOS_DEPLOYMENT_TARGET = 18.6;
				LD_RUNPATH_SEARCH_PATHS = "@executable_path/Frameworks";
				"LD_RUNPATH_SEARCH_PATHS[sdk=macosx*]" = "@executable_path/../Frameworks";
				MACOSX_DEPLOYMENT_TARGET = 15.5;
				MARKETING_VERSION = 1.0;
				PRODUCT_BUNDLE_IDENTIFIER = de.ilyashallak.rommanagerplus;
				PRODUCT_NAME = "$(TARGET_NAME)";
				REGISTER_APP_GROUPS = YES;
				SDKROOT = auto;
				SUPPORTED_PLATFORMS = "iphoneos iphonesimulator";
				SUPPORTS_MACCATALYST = NO;
				SWIFT_DEFAULT_ACTOR_ISOLATION = MainActor;
				SWIFT_EMIT_LOC_STRINGS = YES;
				SWIFT_VERSION = 5.0;
				TARGETED_DEVICE_FAMILY = "1,2";
				XROS_DEPLOYMENT_TARGET = 2.5;
			};
			name = Debug;
		};
		5DA7E4492E43D872003680D9 /* Release */ = {
			isa = XCBuildConfiguration;
			buildSettings = {
				ASSETCATALOG_COMPILER_APPICON_NAME = AppIcon;
				ASSETCATALOG_COMPILER_GLOBAL_ACCENT_COLOR_NAME = AccentColor;
				CODE_SIGN_ENTITLEMENTS = romm/romm.entitlements;
				CODE_SIGN_STYLE = Automatic;
				CURRENT_PROJECT_VERSION = 41;
				DEVELOPMENT_TEAM = 8J69P655GN;
				ENABLE_HARDENED_RUNTIME = YES;
				ENABLE_PREVIEWS = YES;
				GENERATE_INFOPLIST_FILE = YES;
				INFOPLIST_FILE = romm/Info.plist;
				INFOPLIST_KEY_CFBundleDisplayName = Romm;
				INFOPLIST_KEY_ITSAppUsesNonExemptEncryption = NO;
				INFOPLIST_KEY_LSApplicationCategoryType = "public.app-category.lifestyle";
				INFOPLIST_KEY_LSSupportsOpeningDocumentsInPlace = YES;
				"INFOPLIST_KEY_UIApplicationSupportsIndirectInputEvents[sdk=iphoneos*]" = YES;
				"INFOPLIST_KEY_UIApplicationSupportsIndirectInputEvents[sdk=iphonesimulator*]" = YES;
				"INFOPLIST_KEY_UILaunchScreen_Generation[sdk=iphoneos*]" = YES;
				"INFOPLIST_KEY_UILaunchScreen_Generation[sdk=iphonesimulator*]" = YES;
				"INFOPLIST_KEY_UIStatusBarStyle[sdk=iphoneos*]" = UIStatusBarStyleDefault;
				"INFOPLIST_KEY_UIStatusBarStyle[sdk=iphonesimulator*]" = UIStatusBarStyleDefault;
				INFOPLIST_KEY_UISupportedInterfaceOrientations = "UIInterfaceOrientationPortrait UIInterfaceOrientationLandscapeLeft UIInterfaceOrientationLandscapeRight";
				INFOPLIST_KEY_UISupportedInterfaceOrientations_iPad = "UIInterfaceOrientationLandscapeLeft UIInterfaceOrientationLandscapeRight UIInterfaceOrientationPortrait UIInterfaceOrientationPortraitUpsideDown";
				IPHONEOS_DEPLOYMENT_TARGET = 18.6;
				LD_RUNPATH_SEARCH_PATHS = "@executable_path/Frameworks";
				"LD_RUNPATH_SEARCH_PATHS[sdk=macosx*]" = "@executable_path/../Frameworks";
				MACOSX_DEPLOYMENT_TARGET = 15.5;
				MARKETING_VERSION = 1.0;
				PRODUCT_BUNDLE_IDENTIFIER = de.ilyashallak.rommanagerplus;
				PRODUCT_NAME = "$(TARGET_NAME)";
				REGISTER_APP_GROUPS = YES;
				SDKROOT = auto;
				SUPPORTED_PLATFORMS = "iphoneos iphonesimulator";
				SUPPORTS_MACCATALYST = NO;
				SWIFT_DEFAULT_ACTOR_ISOLATION = MainActor;
				SWIFT_EMIT_LOC_STRINGS = YES;
				SWIFT_VERSION = 5.0;
				TARGETED_DEVICE_FAMILY = "1,2";
				XROS_DEPLOYMENT_TARGET = 2.5;
			};
			name = Release;
		};
		5DA7E44B2E43D872003680D9 /* Debug */ = {
			isa = XCBuildConfiguration;
			buildSettings = {
				BUNDLE_LOADER = "$(TEST_HOST)";
				CODE_SIGN_STYLE = Automatic;
				CURRENT_PROJECT_VERSION = 41;
				DEVELOPMENT_TEAM = 8J69P655GN;
				GENERATE_INFOPLIST_FILE = YES;
				IPHONEOS_DEPLOYMENT_TARGET = 18.6;
				MACOSX_DEPLOYMENT_TARGET = 15.5;
				MARKETING_VERSION = 1.0;
				PRODUCT_BUNDLE_IDENTIFIER = de.ilyashallak.rommTests;
				PRODUCT_NAME = "$(TARGET_NAME)";
				SDKROOT = auto;
				SUPPORTED_PLATFORMS = "iphoneos iphonesimulator macosx xros xrsimulator";
				SWIFT_EMIT_LOC_STRINGS = NO;
				SWIFT_VERSION = 5.0;
				TARGETED_DEVICE_FAMILY = "1,2,7";
				TEST_HOST = "$(BUILT_PRODUCTS_DIR)/romm.app/$(BUNDLE_EXECUTABLE_FOLDER_PATH)/romm";
				XROS_DEPLOYMENT_TARGET = 2.5;
			};
			name = Debug;
		};
		5DA7E44C2E43D872003680D9 /* Release */ = {
			isa = XCBuildConfiguration;
			buildSettings = {
				BUNDLE_LOADER = "$(TEST_HOST)";
				CODE_SIGN_STYLE = Automatic;
				CURRENT_PROJECT_VERSION = 41;
				DEVELOPMENT_TEAM = 8J69P655GN;
				GENERATE_INFOPLIST_FILE = YES;
				IPHONEOS_DEPLOYMENT_TARGET = 18.6;
				MACOSX_DEPLOYMENT_TARGET = 15.5;
				MARKETING_VERSION = 1.0;
				PRODUCT_BUNDLE_IDENTIFIER = de.ilyashallak.rommTests;
				PRODUCT_NAME = "$(TARGET_NAME)";
				SDKROOT = auto;
				SUPPORTED_PLATFORMS = "iphoneos iphonesimulator macosx xros xrsimulator";
				SWIFT_EMIT_LOC_STRINGS = NO;
				SWIFT_VERSION = 5.0;
				TARGETED_DEVICE_FAMILY = "1,2,7";
				TEST_HOST = "$(BUILT_PRODUCTS_DIR)/romm.app/$(BUNDLE_EXECUTABLE_FOLDER_PATH)/romm";
				XROS_DEPLOYMENT_TARGET = 2.5;
			};
			name = Release;
		};
		5DA7E44E2E43D872003680D9 /* Debug */ = {
			isa = XCBuildConfiguration;
			buildSettings = {
				CODE_SIGN_STYLE = Automatic;
				CURRENT_PROJECT_VERSION = 41;
				DEVELOPMENT_TEAM = 8J69P655GN;
				GENERATE_INFOPLIST_FILE = YES;
				IPHONEOS_DEPLOYMENT_TARGET = 18.6;
				MACOSX_DEPLOYMENT_TARGET = 15.5;
				MARKETING_VERSION = 1.0;
				PRODUCT_BUNDLE_IDENTIFIER = de.ilyashallak.rommUITests;
				PRODUCT_NAME = "$(TARGET_NAME)";
				SDKROOT = auto;
				SUPPORTED_PLATFORMS = "iphoneos iphonesimulator macosx xros xrsimulator";
				SWIFT_EMIT_LOC_STRINGS = NO;
				SWIFT_VERSION = 5.0;
				TARGETED_DEVICE_FAMILY = "1,2,7";
				TEST_TARGET_NAME = romm;
				XROS_DEPLOYMENT_TARGET = 2.5;
			};
			name = Debug;
		};
		5DA7E44F2E43D872003680D9 /* Release */ = {
			isa = XCBuildConfiguration;
			buildSettings = {
				CODE_SIGN_STYLE = Automatic;
				CURRENT_PROJECT_VERSION = 41;
				DEVELOPMENT_TEAM = 8J69P655GN;
				GENERATE_INFOPLIST_FILE = YES;
				IPHONEOS_DEPLOYMENT_TARGET = 18.6;
				MACOSX_DEPLOYMENT_TARGET = 15.5;
				MARKETING_VERSION = 1.0;
				PRODUCT_BUNDLE_IDENTIFIER = de.ilyashallak.rommUITests;
				PRODUCT_NAME = "$(TARGET_NAME)";
				SDKROOT = auto;
				SUPPORTED_PLATFORMS = "iphoneos iphonesimulator macosx xros xrsimulator";
				SWIFT_EMIT_LOC_STRINGS = NO;
				SWIFT_VERSION = 5.0;
				TARGETED_DEVICE_FAMILY = "1,2,7";
				TEST_TARGET_NAME = romm;
				XROS_DEPLOYMENT_TARGET = 2.5;
			};
			name = Release;
		};
/* End XCBuildConfiguration section */

/* Begin XCConfigurationList section */
		5DA7E41B2E43D870003680D9 /* Build configuration list for PBXProject "romm" */ = {
			isa = XCConfigurationList;
			buildConfigurations = (
				5DA7E4452E43D872003680D9 /* Debug */,
				5DA7E4462E43D872003680D9 /* Release */,
			);
			defaultConfigurationIsVisible = 0;
			defaultConfigurationName = Release;
		};
		5DA7E4472E43D872003680D9 /* Build configuration list for PBXNativeTarget "romm" */ = {
			isa = XCConfigurationList;
			buildConfigurations = (
				5DA7E4482E43D872003680D9 /* Debug */,
				5DA7E4492E43D872003680D9 /* Release */,
			);
			defaultConfigurationIsVisible = 0;
			defaultConfigurationName = Release;
		};
		5DA7E44A2E43D872003680D9 /* Build configuration list for PBXNativeTarget "rommTests" */ = {
			isa = XCConfigurationList;
			buildConfigurations = (
				5DA7E44B2E43D872003680D9 /* Debug */,
				5DA7E44C2E43D872003680D9 /* Release */,
			);
			defaultConfigurationIsVisible = 0;
			defaultConfigurationName = Release;
		};
		5DA7E44D2E43D872003680D9 /* Build configuration list for PBXNativeTarget "rommUITests" */ = {
			isa = XCConfigurationList;
			buildConfigurations = (
				5DA7E44E2E43D872003680D9 /* Debug */,
				5DA7E44F2E43D872003680D9 /* Release */,
			);
			defaultConfigurationIsVisible = 0;
			defaultConfigurationName = Release;
		};
/* End XCConfigurationList section */

/* Begin XCRemoteSwiftPackageReference section */
		5D2C4E1D2F7B9A43009CF871 /* XCRemoteSwiftPackageReference "SWCompression" */ = {
			isa = XCRemoteSwiftPackageReference;
			repositoryURL = "https://github.com/tsolomko/SWCompression.git";
			requirement = {
				kind = upToNextMajorVersion;
				minimumVersion = 4.8.0;
			};
		};
		5D9D918C2E5F8F21009AF769 /* XCRemoteSwiftPackageReference "Kingfisher" */ = {
			isa = XCRemoteSwiftPackageReference;
			repositoryURL = "https://github.com/onevcat/Kingfisher.git";
			requirement = {
				kind = upToNextMajorVersion;
				minimumVersion = 8.5.0;
			};
		};
/* End XCRemoteSwiftPackageReference section */

/* Begin XCSwiftPackageProductDependency section */
		5D2C4E1E2F7B9A43009CF871 /* SWCompression */ = {
			isa = XCSwiftPackageProductDependency;
			package = 5D2C4E1D2F7B9A43009CF871 /* XCRemoteSwiftPackageReference "SWCompression" */;
			productName = SWCompression;
		};
		5D9D918D2E5F8F21009AF769 /* Kingfisher */ = {
			isa = XCSwiftPackageProductDependency;
			package = 5D9D918C2E5F8F21009AF769 /* XCRemoteSwiftPackageReference "Kingfisher" */;
			productName = Kingfisher;
		};
/* End XCSwiftPackageProductDependency section */
	};
	rootObject = 5DA7E4182E43D870003680D9 /* Project object */;
}
